
Microsoft Visual Studio Solution File, Format Version 12.00
# Visual Studio Version 17
VisualStudioVersion = 17.9.34723.18
MinimumVisualStudioVersion = 10.0.40219.1
Project("{FAE04EC0-301F-11D3-BF4B-00C04F79EFBC}") = "IMR project", "IMR project\IMR project.csproj", "{B5DBFD65-1C0A-4583-B2BE-B3BE1971BAC8}"
EndProject
Global
	GlobalSection(SolutionConfigurationPlatforms) = preSolution
		Debug|Any CPU = Debug|Any CPU
		Release|Any CPU = Release|Any CPU
	EndGlobalSection
	GlobalSection(ProjectConfigurationPlatforms) = postSolution
		{B5DBFD65-1C0A-4583-B2BE-B3BE1971BAC8}.Debug|Any CPU.ActiveCfg = Debug|Any CPU
		{B5DBFD65-1C0A-4583-B2BE-B3BE1971BAC8}.Debug|Any CPU.Build.0 = Debug|Any CPU
		{B5DBFD65-1C0A-4583-B2BE-B3BE1971BAC8}.Release|Any CPU.ActiveCfg = Release|Any CPU
		{B5DBFD65-1C0A-4583-B2BE-B3BE1971BAC8}.Release|Any CPU.Build.0 = Release|Any CPU
	EndGlobalSection
	GlobalSection(SolutionProperties) = preSolution
		HideSolutionNode = FALSE
	EndGlobalSection
	GlobalSection(ExtensibilityGlobals) = postSolution
		SolutionGuid = {06E86FA3-E659-42C8-9299-C185F51F4FA0}
	EndGlobalSection
EndGlobal
